
Microsoft Visual Studio Solution File, Format Version 12.00
# Visual Studio Version 16
VisualStudioVersion = 16.0.29001.49
MinimumVisualStudioVersion = 10.0.40219.1
Project("{FAE04EC0-301F-11D3-BF4B-00C04F79EFBC}") = "Resistance in a circuit new", "Resistance in a circuit new\Resistance in a circuit new.csproj", "{A5B69208-4B8B-4FDD-AC72-90FF1265A99B}"
EndProject
Global
	GlobalSection(SolutionConfigurationPlatforms) = preSolution
		Debug|Any CPU = Debug|Any CPU
		Release|Any CPU = Release|Any CPU
	EndGlobalSection
	GlobalSection(ProjectConfigurationPlatforms) = postSolution
		{A5B69208-4B8B-4FDD-AC72-90FF1265A99B}.Debug|Any CPU.ActiveCfg = Debug|Any CPU
		{A5B69208-4B8B-4FDD-AC72-90FF1265A99B}.Debug|Any CPU.Build.0 = Debug|Any CPU
		{A5B69208-4B8B-4FDD-AC72-90FF1265A99B}.Release|Any CPU.ActiveCfg = Release|Any CPU
		{A5B69208-4B8B-4FDD-AC72-90FF1265A99B}.Release|Any CPU.Build.0 = Release|Any CPU
	EndGlobalSection
	GlobalSection(SolutionProperties) = preSolution
		HideSolutionNode = FALSE
	EndGlobalSection
	GlobalSection(ExtensibilityGlobals) = postSolution
		SolutionGuid = {E637898D-FD55-4971-A857-72080DC8F80C}
	EndGlobalSection
EndGlobal
